
Microsoft Visual Studio Solution File, Format Version 12.00
# Visual Studio Version 17
VisualStudioVersion = 17.11.35312.102
MinimumVisualStudioVersion = 10.0.40219.1
Project("{9A19103F-16F7-4668-BE54-9A1E7A4F7556}") = "Feelhope_Backend", "Feelhope_Backend.csproj", "{2B7EE3D7-1CD8-4CE8-AB10-EA73DC063925}"
EndProject
Global
	GlobalSection(SolutionConfigurationPlatforms) = preSolution
		Debug|Any CPU = Debug|Any CPU
		Release|Any CPU = Release|Any CPU
	EndGlobalSection
	GlobalSection(ProjectConfigurationPlatforms) = postSolution
		{2B7EE3D7-1CD8-4CE8-AB10-EA73DC063925}.Debug|Any CPU.ActiveCfg = Debug|Any CPU
		{2B7EE3D7-1CD8-4CE8-AB10-EA73DC063925}.Debug|Any CPU.Build.0 = Debug|Any CPU
		{2B7EE3D7-1CD8-4CE8-AB10-EA73DC063925}.Release|Any CPU.ActiveCfg = Release|Any CPU
		{2B7EE3D7-1CD8-4CE8-AB10-EA73DC063925}.Release|Any CPU.Build.0 = Release|Any CPU
	EndGlobalSection
	GlobalSection(SolutionProperties) = preSolution
		HideSolutionNode = FALSE
	EndGlobalSection
	GlobalSection(ExtensibilityGlobals) = postSolution
		SolutionGuid = {F54E722B-9827-43DC-8855-9592E03927FF}
	EndGlobalSection
EndGlobal
